github.com/llxisdsh/pb v1.5.19 h1:57uWSe++J9cNdrXQ4NgZiMGslGXjL8njK+KmLDGQXb8=
github.com/llxisdsh/pb v1.5.19/go.mod h1:mjGcFHzCTwOxAyOetRRWnIwYswca4i94HauDoA8RDl0=
golang.org/x/sys v0.40.0 h1:DBZZqJ2Rkml6QMQsZywtnjnnGvHza6BTfYFWY9kjEWQ=
golang.org/x/sys v0.40.0/go.mod h1:OgkHotnGiDImocRcuBABYBEXf8A9a87e/uXjp9XT3ks=
