github.com/llxisdsh/pb v1.5.24 h1:L0fCQ222GNvHrrUjt6+WU2lEZ8WD8nIH4TxDZ1g7cy4=
github.com/llxisdsh/pb v1.5.24/go.mod h1:7u8GQitx3yzPpyqbgugFWuawQITLL4TEUnHR7cR0bic=
golang.org/x/sys v0.42.0 h1:omrd2nAlyT5ESRdCLYdm3+fMfNFE/+Rf4bDIQImRJeo=
golang.org/x/sys v0.42.0/go.mod h1:4GL1E5IUh+htKOUEOaiffhrAeqysfVGipDYzABqnCmw=
